
Microsoft Visual Studio Solution File, Format Version 11.00
# Visual Studio 2010
Project("{FAE04EC0-301F-11D3-BF4B-00C04F79EFBC}") = "Assembly-CSharp", "Assembly-CSharp.csproj", "{6E86E02D-7048-617D-A4D4-F54A364E36BA}"
EndProject
Global
	GlobalSection(SolutionConfigurationPlatforms) = preSolution
		Debug|Any CPU = Debug|Any CPU
		Release|Any CPU = Release|Any CPU
	EndGlobalSection
	GlobalSection(ProjectConfigurationPlatforms) = postSolution
		{6E86E02D-7048-617D-A4D4-F54A364E36BA}.Debug|Any CPU.ActiveCfg = Debug|Any CPU
		{6E86E02D-7048-617D-A4D4-F54A364E36BA}.Debug|Any CPU.Build.0 = Debug|Any CPU
		{6E86E02D-7048-617D-A4D4-F54A364E36BA}.Release|Any CPU.ActiveCfg = Release|Any CPU
		{6E86E02D-7048-617D-A4D4-F54A364E36BA}.Release|Any CPU.Build.0 = Release|Any CPU
	EndGlobalSection
	GlobalSection(SolutionProperties) = preSolution
		HideSolutionNode = FALSE
	EndGlobalSection
EndGlobal
